
Microsoft Visual Studio Solution File, Format Version 12.00
# Visual Studio Version 16
VisualStudioVersion = 16.0.29806.167
MinimumVisualStudioVersion = 10.0.40219.1
Project("{FAE04EC0-301F-11D3-BF4B-00C04F79EFBC}") = "symbol", "symbol\symbol.csproj", "{2F7DF388-C220-45DC-B761-11E469BD88E5}"
EndProject
Global
	GlobalSection(SolutionConfigurationPlatforms) = preSolution
		Debug|Any CPU = Debug|Any CPU
		Release|Any CPU = Release|Any CPU
	EndGlobalSection
	GlobalSection(ProjectConfigurationPlatforms) = postSolution
		{2F7DF388-C220-45DC-B761-11E469BD88E5}.Debug|Any CPU.ActiveCfg = Debug|Any CPU
		{2F7DF388-C220-45DC-B761-11E469BD88E5}.Debug|Any CPU.Build.0 = Debug|Any CPU
		{2F7DF388-C220-45DC-B761-11E469BD88E5}.Release|Any CPU.ActiveCfg = Release|Any CPU
		{2F7DF388-C220-45DC-B761-11E469BD88E5}.Release|Any CPU.Build.0 = Release|Any CPU
	EndGlobalSection
	GlobalSection(SolutionProperties) = preSolution
		HideSolutionNode = FALSE
	EndGlobalSection
	GlobalSection(ExtensibilityGlobals) = postSolution
		SolutionGuid = {A25A1AFB-DC7A-48FD-AC2B-C95321DFA3D7}
	EndGlobalSection
EndGlobal
